
Microsoft Visual Studio Solution File, Format Version 12.00
# Visual Studio Version 16
VisualStudioVersion = 16.0.31424.327
MinimumVisualStudioVersion = 10.0.40219.1
Project("{9A19103F-16F7-4668-BE54-9A1E7A4F7556}") = "AspDataViewModel", "AspDataViewModel\AspDataViewModel.csproj", "{31CEE4F8-A55E-43F7-A610-A67635F84067}"
EndProject
Global
	GlobalSection(SolutionConfigurationPlatforms) = preSolution
		Debug|Any CPU = Debug|Any CPU
		Release|Any CPU = Release|Any CPU
	EndGlobalSection
	GlobalSection(ProjectConfigurationPlatforms) = postSolution
		{31CEE4F8-A55E-43F7-A610-A67635F84067}.Debug|Any CPU.ActiveCfg = Debug|Any CPU
		{31CEE4F8-A55E-43F7-A610-A67635F84067}.Debug|Any CPU.Build.0 = Debug|Any CPU
		{31CEE4F8-A55E-43F7-A610-A67635F84067}.Release|Any CPU.ActiveCfg = Release|Any CPU
		{31CEE4F8-A55E-43F7-A610-A67635F84067}.Release|Any CPU.Build.0 = Release|Any CPU
	EndGlobalSection
	GlobalSection(SolutionProperties) = preSolution
		HideSolutionNode = FALSE
	EndGlobalSection
	GlobalSection(ExtensibilityGlobals) = postSolution
		SolutionGuid = {E9359A20-CFA5-48D1-8578-0FA9F6B27F84}
	EndGlobalSection
EndGlobal
